// !$*UTF8*$!
{
	archiveVersion = 1;
	classes = {
	};
	objectVersion = 46;
	objects = {

/* Begin PBXBuildFile section */
		027C1DA0D19757D45C799FF5 /* Pods_MapTest.framework in Frameworks */ = {isa = PBXBuildFile; fileRef = 841F2845F3A3EA71588B1FD6 /* Pods_MapTest.framework */; };
		CF4B384D1ED5BCAB00F7D794 /* ReverseGeocoding.swift in Sources */ = {isa = PBXBuildFile; fileRef = CF4B384C1ED5BCAB00F7D794 /* ReverseGeocoding.swift */; };
		CF4B38501ED5C8F900F7D794 /* AnnotationView.swift in Sources */ = {isa = PBXBuildFile; fileRef = CF4B384F1ED5C8F900F7D794 /* AnnotationView.swift */; };
		CF90BD291ED4882200735774 /* AppDelegate.swift in Sources */ = {isa = PBXBuildFile; fileRef = CF90BD281ED4882200735774 /* AppDelegate.swift */; };
		CF90BD2E1ED4882200735774 /* Main.storyboard in Resources */ = {isa = PBXBuildFile; fileRef = CF90BD2C1ED4882200735774 /* Main.storyboard */; };
		CF90BD301ED4882200735774 /* Assets.xcassets in Resources */ = {isa = PBXBuildFile; fileRef = CF90BD2F1ED4882200735774 /* Assets.xcassets */; };
		CF90BD331ED4882200735774 /* LaunchScreen.storyboard in Resources */ = {isa = PBXBuildFile; fileRef = CF90BD311ED4882200735774 /* LaunchScreen.storyboard */; };
		CF90BD401ED489F600735774 /* ViewControllerRootView.swift in Sources */ = {isa = PBXBuildFile; fileRef = CF90BD3F1ED489F600735774 /* ViewControllerRootView.swift */; };
		CF90BD441ED48A6200735774 /* MapViewController.swift in Sources */ = {isa = PBXBuildFile; fileRef = CF90BD431ED48A6200735774 /* MapViewController.swift */; };
		CF90BD461ED48AA600735774 /* MapView.swift in Sources */ = {isa = PBXBuildFile; fileRef = CF90BD451ED48AA600735774 /* MapView.swift */; };
		CF94020B1ED6B1EA0019BF06 /* UINib+Extensions.swift in Sources */ = {isa = PBXBuildFile; fileRef = CF94020A1ED6B1EA0019BF06 /* UINib+Extensions.swift */; };
		CF9402121ED6D4E00019BF06 /* Constants.swift in Sources */ = {isa = PBXBuildFile; fileRef = CF9402111ED6D4E00019BF06 /* Constants.swift */; };
		CF9402191ED6E4210019BF06 /* LoadAnnotationProtocol.swift in Sources */ = {isa = PBXBuildFile; fileRef = CF9402181ED6E4210019BF06 /* LoadAnnotationProtocol.swift */; };
		CF9402221ED713CF0019BF06 /* DetailAnnotationView.swift in Sources */ = {isa = PBXBuildFile; fileRef = CF94021D1ED713CF0019BF06 /* DetailAnnotationView.swift */; };
		CF9402231ED713CF0019BF06 /* DetailAnnotationView.xib in Resources */ = {isa = PBXBuildFile; fileRef = CF94021E1ED713CF0019BF06 /* DetailAnnotationView.xib */; };
		CF9402241ED713CF0019BF06 /* ShortAnnotationView.swift in Sources */ = {isa = PBXBuildFile; fileRef = CF9402201ED713CF0019BF06 /* ShortAnnotationView.swift */; };
		CF9402251ED713CF0019BF06 /* ShortAnnotationView.xib in Resources */ = {isa = PBXBuildFile; fileRef = CF9402211ED713CF0019BF06 /* ShortAnnotationView.xib */; };
/* End PBXBuildFile section */

/* Begin PBXFileReference section */
		24BD722B92BBF27CEE31B429 /* Pods-MapTest.debug.xcconfig */ = {isa = PBXFileReference; includeInIndex = 1; lastKnownFileType = text.xcconfig; name = "Pods-MapTest.debug.xcconfig"; path = "Pods/Target Support Files/Pods-MapTest/Pods-MapTest.debug.xcconfig"; sourceTree = "<group>"; };
		841F2845F3A3EA71588B1FD6 /* Pods_MapTest.framework */ = {isa = PBXFileReference; explicitFileType = wrapper.framework; includeInIndex = 0; path = Pods_MapTest.framework; sourceTree = BUILT_PRODUCTS_DIR; };
		B3E7079BD518E579A31117E0 /* Pods-MapTest.release.xcconfig */ = {isa = PBXFileReference; includeInIndex = 1; lastKnownFileType = text.xcconfig; name = "Pods-MapTest.release.xcconfig"; path = "Pods/Target Support Files/Pods-MapTest/Pods-MapTest.release.xcconfig"; sourceTree = "<group>"; };
		CF4B384C1ED5BCAB00F7D794 /* ReverseGeocoding.swift */ = {isa = PBXFileReference; fileEncoding = 4; lastKnownFileType = sourcecode.swift; path = ReverseGeocoding.swift; sourceTree = "<group>"; };
		CF4B384F1ED5C8F900F7D794 /* AnnotationView.swift */ = {isa = PBXFileReference; fileEncoding = 4; lastKnownFileType = sourcecode.swift; path = AnnotationView.swift; sourceTree = "<group>"; };
		CF90BD251ED4882200735774 /* MapTest.app */ = {isa = PBXFileReference; explicitFileType = wrapper.application; includeInIndex = 0; path = MapTest.app; sourceTree = BUILT_PRODUCTS_DIR; };
		CF90BD281ED4882200735774 /* AppDelegate.swift */ = {isa = PBXFileReference; lastKnownFileType = sourcecode.swift; path = AppDelegate.swift; sourceTree = "<group>"; };
		CF90BD2D1ED4882200735774 /* Base */ = {isa = PBXFileReference; lastKnownFileType = file.storyboard; name = Base; path = Base.lproj/Main.storyboard; sourceTree = "<group>"; };
		CF90BD2F1ED4882200735774 /* Assets.xcassets */ = {isa = PBXFileReference; lastKnownFileType = folder.assetcatalog; path = Assets.xcassets; sourceTree = "<group>"; };
		CF90BD321ED4882200735774 /* Base */ = {isa = PBXFileReference; lastKnownFileType = file.storyboard; name = Base; path = Base.lproj/LaunchScreen.storyboard; sourceTree = "<group>"; };
		CF90BD341ED4882200735774 /* Info.plist */ = {isa = PBXFileReference; lastKnownFileType = text.plist.xml; path = Info.plist; sourceTree = "<group>"; };
		CF90BD3F1ED489F600735774 /* ViewControllerRootView.swift */ = {isa = PBXFileReference; fileEncoding = 4; lastKnownFileType = sourcecode.swift; path = ViewControllerRootView.swift; sourceTree = "<group>"; };
		CF90BD431ED48A6200735774 /* MapViewController.swift */ = {isa = PBXFileReference; fileEncoding = 4; lastKnownFileType = sourcecode.swift; path = MapViewController.swift; sourceTree = "<group>"; };
		CF90BD451ED48AA600735774 /* MapView.swift */ = {isa = PBXFileReference; fileEncoding = 4; lastKnownFileType = sourcecode.swift; path = MapView.swift; sourceTree = "<group>"; };
		CF94020A1ED6B1EA0019BF06 /* UINib+Extensions.swift */ = {isa = PBXFileReference; fileEncoding = 4; lastKnownFileType = sourcecode.swift; path = "UINib+Extensions.swift"; sourceTree = "<group>"; };
		CF9402111ED6D4E00019BF06 /* Constants.swift */ = {isa = PBXFileReference; fileEncoding = 4; lastKnownFileType = sourcecode.swift; path = Constants.swift; sourceTree = "<group>"; };
		CF9402181ED6E4210019BF06 /* LoadAnnotationProtocol.swift */ = {isa = PBXFileReference; fileEncoding = 4; lastKnownFileType = sourcecode.swift; path = LoadAnnotationProtocol.swift; sourceTree = "<group>"; };
		CF94021D1ED713CF0019BF06 /* DetailAnnotationView.swift */ = {isa = PBXFileReference; fileEncoding = 4; lastKnownFileType = sourcecode.swift; path = DetailAnnotationView.swift; sourceTree = "<group>"; };
		CF94021E1ED713CF0019BF06 /* DetailAnnotationView.xib */ = {isa = PBXFileReference; fileEncoding = 4; lastKnownFileType = file.xib; path = DetailAnnotationView.xib; sourceTree = "<group>"; };
		CF9402201ED713CF0019BF06 /* ShortAnnotationView.swift */ = {isa = PBXFileReference; fileEncoding = 4; lastKnownFileType = sourcecode.swift; path = ShortAnnotationView.swift; sourceTree = "<group>"; };
		CF9402211ED713CF0019BF06 /* ShortAnnotationView.xib */ = {isa = PBXFileReference; fileEncoding = 4; lastKnownFileType = file.xib; path = ShortAnnotationView.xib; sourceTree = "<group>"; };
/* End PBXFileReference section */

/* Begin PBXFrameworksBuildPhase section */
		CF90BD221ED4882200735774 /* Frameworks */ = {
			isa = PBXFrameworksBuildPhase;
			buildActionMask = 2147483647;
			files = (
				027C1DA0D19757D45C799FF5 /* Pods_MapTest.framework in Frameworks */,
			);
			runOnlyForDeploymentPostprocessing = 0;
		};
/* End PBXFrameworksBuildPhase section */

/* Begin PBXGroup section */
		553443A101AA77BB3FD146B9 /* Frameworks */ = {
			isa = PBXGroup;
			children = (
				841F2845F3A3EA71588B1FD6 /* Pods_MapTest.framework */,
			);
			name = Frameworks;
			sourceTree = "<group>";
		};
		6FF9C8BC78C0655FCD3AE154 /* Pods */ = {
			isa = PBXGroup;
			children = (
				24BD722B92BBF27CEE31B429 /* Pods-MapTest.debug.xcconfig */,
				B3E7079BD518E579A31117E0 /* Pods-MapTest.release.xcconfig */,
			);
			name = Pods;
			sourceTree = "<group>";
		};
		CF4B384B1ED5BC9E00F7D794 /* ReverseGeocoding */ = {
			isa = PBXGroup;
			children = (
				CF4B384C1ED5BCAB00F7D794 /* ReverseGeocoding.swift */,
			);
			path = ReverseGeocoding;
			sourceTree = "<group>";
		};
		CF4B384E1ED5C8DC00F7D794 /* AnnotationView */ = {
			isa = PBXGroup;
			children = (
				CF94021C1ED713CF0019BF06 /* DetailAnnotationView */,
				CF94021F1ED713CF0019BF06 /* ShortAnnotationView */,
				CF4B384F1ED5C8F900F7D794 /* AnnotationView.swift */,
			);
			path = AnnotationView;
			sourceTree = "<group>";
		};
		CF90BD1C1ED4882200735774 = {
			isa = PBXGroup;
			children = (
				CF90BD3D1ED489CC00735774 /* Helper */,
				CF90BD3A1ED489A700735774 /* Source */,
				CF90BD271ED4882200735774 /* MapTest */,
				CF90BD261ED4882200735774 /* Products */,
				6FF9C8BC78C0655FCD3AE154 /* Pods */,
				553443A101AA77BB3FD146B9 /* Frameworks */,
			);
			sourceTree = "<group>";
		};
		CF90BD261ED4882200735774 /* Products */ = {
			isa = PBXGroup;
			children = (
				CF90BD251ED4882200735774 /* MapTest.app */,
			);
			name = Products;
			sourceTree = "<group>";
		};
		CF90BD271ED4882200735774 /* MapTest */ = {
			isa = PBXGroup;
			children = (
				CF90BD281ED4882200735774 /* AppDelegate.swift */,
				CF90BD2C1ED4882200735774 /* Main.storyboard */,
				CF90BD2F1ED4882200735774 /* Assets.xcassets */,
				CF90BD311ED4882200735774 /* LaunchScreen.storyboard */,
				CF90BD341ED4882200735774 /* Info.plist */,
			);
			path = MapTest;
			sourceTree = "<group>";
		};
		CF90BD3A1ED489A700735774 /* Source */ = {
			isa = PBXGroup;
			children = (
				CF90BD3C1ED489C100735774 /* Models */,
				CF90BD3B1ED489B100735774 /* UI */,
			);
			path = Source;
			sourceTree = "<group>";
		};
		CF90BD3B1ED489B100735774 /* UI */ = {
			isa = PBXGroup;
			children = (
				CF90BD411ED48A4300735774 /* MapViewController */,
			);
			path = UI;
			sourceTree = "<group>";
		};
		CF90BD3C1ED489C100735774 /* Models */ = {
			isa = PBXGroup;
			children = (
				CF4B384B1ED5BC9E00F7D794 /* ReverseGeocoding */,
			);
			path = Models;
			sourceTree = "<group>";
		};
		CF90BD3D1ED489CC00735774 /* Helper */ = {
			isa = PBXGroup;
			children = (
				CF90BD471ED48C8F00735774 /* Extension */,
				CF90BD3E1ED489D400735774 /* Protocol */,
				CF9402111ED6D4E00019BF06 /* Constants.swift */,
			);
			path = Helper;
			sourceTree = "<group>";
		};
		CF90BD3E1ED489D400735774 /* Protocol */ = {
			isa = PBXGroup;
			children = (
				CF90BD3F1ED489F600735774 /* ViewControllerRootView.swift */,
				CF9402181ED6E4210019BF06 /* LoadAnnotationProtocol.swift */,
			);
			path = Protocol;
			sourceTree = "<group>";
		};
		CF90BD411ED48A4300735774 /* MapViewController */ = {
			isa = PBXGroup;
			children = (
				CF4B384E1ED5C8DC00F7D794 /* AnnotationView */,
				CF90BD421ED48A5100735774 /* MapView */,
				CF90BD431ED48A6200735774 /* MapViewController.swift */,
			);
			path = MapViewController;
			sourceTree = "<group>";
		};
		CF90BD421ED48A5100735774 /* MapView */ = {
			isa = PBXGroup;
			children = (
				CF90BD451ED48AA600735774 /* MapView.swift */,
			);
			path = MapView;
			sourceTree = "<group>";
		};
		CF90BD471ED48C8F00735774 /* Extension */ = {
			isa = PBXGroup;
			children = (
				CF9402091ED6B1E90019BF06 /* UINib */,
			);
			path = Extension;
			sourceTree = "<group>";
		};
		CF9402091ED6B1E90019BF06 /* UINib */ = {
			isa = PBXGroup;
			children = (
				CF94020A1ED6B1EA0019BF06 /* UINib+Extensions.swift */,
			);
			path = UINib;
			sourceTree = "<group>";
		};
		CF94021C1ED713CF0019BF06 /* DetailAnnotationView */ = {
			isa = PBXGroup;
			children = (
				CF94021D1ED713CF0019BF06 /* DetailAnnotationView.swift */,
				CF94021E1ED713CF0019BF06 /* DetailAnnotationView.xib */,
			);
			path = DetailAnnotationView;
			sourceTree = "<group>";
		};
		CF94021F1ED713CF0019BF06 /* ShortAnnotationView */ = {
			isa = PBXGroup;
			children = (
				CF9402201ED713CF0019BF06 /* ShortAnnotationView.swift */,
				CF9402211ED713CF0019BF06 /* ShortAnnotationView.xib */,
			);
			path = ShortAnnotationView;
			sourceTree = "<group>";
		};
/* End PBXGroup section */

/* Begin PBXNativeTarget section */
		CF90BD241ED4882200735774 /* MapTest */ = {
			isa = PBXNativeTarget;
			buildConfigurationList = CF90BD371ED4882200735774 /* Build configuration list for PBXNativeTarget "MapTest" */;
			buildPhases = (
				B03E0D5C4B304BA7D1CCBF88 /* [CP] Check Pods Manifest.lock */,
				CF90BD211ED4882200735774 /* Sources */,
				CF90BD221ED4882200735774 /* Frameworks */,
				CF90BD231ED4882200735774 /* Resources */,
				CF6CB40ECAA7FDB05CEB8659 /* [CP] Embed Pods Frameworks */,
				649C3581DD04EFF5DF06D6F8 /* [CP] Copy Pods Resources */,
			);
			buildRules = (
			);
			dependencies = (
			);
			name = MapTest;
			productName = MapTest;
			productReference = CF90BD251ED4882200735774 /* MapTest.app */;
			productType = "com.apple.product-type.application";
		};
/* End PBXNativeTarget section */

/* Begin PBXProject section */
		CF90BD1D1ED4882200735774 /* Project object */ = {
			isa = PBXProject;
			attributes = {
				LastSwiftUpdateCheck = 0830;
				LastUpgradeCheck = 0830;
				ORGANIZATIONNAME = "Vladimir Budniy";
				TargetAttributes = {
					CF90BD241ED4882200735774 = {
						CreatedOnToolsVersion = 8.3.2;
						ProvisioningStyle = Manual;
					};
				};
			};
			buildConfigurationList = CF90BD201ED4882200735774 /* Build configuration list for PBXProject "MapTest" */;
			compatibilityVersion = "Xcode 3.2";
			developmentRegion = English;
			hasScannedForEncodings = 0;
			knownRegions = (
				en,
				Base,
			);
			mainGroup = CF90BD1C1ED4882200735774;
			productRefGroup = CF90BD261ED4882200735774 /* Products */;
			projectDirPath = "";
			projectRoot = "";
			targets = (
				CF90BD241ED4882200735774 /* MapTest */,
			);
		};
/* End PBXProject section */

/* Begin PBXResourcesBuildPhase section */
		CF90BD231ED4882200735774 /* Resources */ = {
			isa = PBXResourcesBuildPhase;
			buildActionMask = 2147483647;
			files = (
				CF9402251ED713CF0019BF06 /* ShortAnnotationView.xib in Resources */,
				CF90BD331ED4882200735774 /* LaunchScreen.storyboard in Resources */,
				CF90BD301ED4882200735774 /* Assets.xcassets in Resources */,
				CF9402231ED713CF0019BF06 /* DetailAnnotationView.xib in Resources */,
				CF90BD2E1ED4882200735774 /* Main.storyboard in Resources */,
			);
			runOnlyForDeploymentPostprocessing = 0;
		};
/* End PBXResourcesBuildPhase section */

/* Begin PBXShellScriptBuildPhase section */
		649C3581DD04EFF5DF06D6F8 /* [CP] Copy Pods Resources */ = {
			isa = PBXShellScriptBuildPhase;
			buildActionMask = 2147483647;
			files = (
			);
			inputPaths = (
			);
			name = "[CP] Copy Pods Resources";
			outputPaths = (
			);
			runOnlyForDeploymentPostprocessing = 0;
			shellPath = /bin/sh;
			shellScript = "\"${SRCROOT}/Pods/Target Support Files/Pods-MapTest/Pods-MapTest-resources.sh\"\n";
			showEnvVarsInLog = 0;
		};
		B03E0D5C4B304BA7D1CCBF88 /* [CP] Check Pods Manifest.lock */ = {
			isa = PBXShellScriptBuildPhase;
			buildActionMask = 2147483647;
			files = (
			);
			inputPaths = (
			);
			name = "[CP] Check Pods Manifest.lock";
			outputPaths = (
			);
			runOnlyForDeploymentPostprocessing = 0;
			shellPath = /bin/sh;
			shellScript = "diff \"${PODS_ROOT}/../Podfile.lock\" \"${PODS_ROOT}/Manifest.lock\" > /dev/null\nif [ $? != 0 ] ; then\n    # print error to STDERR\n    echo \"error: The sandbox is not in sync with the Podfile.lock. Run 'pod install' or update your CocoaPods installation.\" >&2\n    exit 1\nfi\n";
			showEnvVarsInLog = 0;
		};
		CF6CB40ECAA7FDB05CEB8659 /* [CP] Embed Pods Frameworks */ = {
			isa = PBXShellScriptBuildPhase;
			buildActionMask = 2147483647;
			files = (
			);
			inputPaths = (
			);
			name = "[CP] Embed Pods Frameworks";
			outputPaths = (
			);
			runOnlyForDeploymentPostprocessing = 0;
			shellPath = /bin/sh;
			shellScript = "\"${SRCROOT}/Pods/Target Support Files/Pods-MapTest/Pods-MapTest-frameworks.sh\"\n";
			showEnvVarsInLog = 0;
		};
/* End PBXShellScriptBuildPhase section */

/* Begin PBXSourcesBuildPhase section */
		CF90BD211ED4882200735774 /* Sources */ = {
			isa = PBXSourcesBuildPhase;
			buildActionMask = 2147483647;
			files = (
				CF9402241ED713CF0019BF06 /* ShortAnnotationView.swift in Sources */,
				CF9402221ED713CF0019BF06 /* DetailAnnotationView.swift in Sources */,
				CF90BD291ED4882200735774 /* AppDelegate.swift in Sources */,
				CF4B384D1ED5BCAB00F7D794 /* ReverseGeocoding.swift in Sources */,
				CF94020B1ED6B1EA0019BF06 /* UINib+Extensions.swift in Sources */,
				CF9402191ED6E4210019BF06 /* LoadAnnotationProtocol.swift in Sources */,
				CF4B38501ED5C8F900F7D794 /* AnnotationView.swift in Sources */,
				CF90BD461ED48AA600735774 /* MapView.swift in Sources */,
				CF90BD401ED489F600735774 /* ViewControllerRootView.swift in Sources */,
				CF90BD441ED48A6200735774 /* MapViewController.swift in Sources */,
				CF9402121ED6D4E00019BF06 /* Constants.swift in Sources */,
			);
			runOnlyForDeploymentPostprocessing = 0;
		};
/* End PBXSourcesBuildPhase section */

/* Begin PBXVariantGroup section */
		CF90BD2C1ED4882200735774 /* Main.storyboard */ = {
			isa = PBXVariantGroup;
			children = (
				CF90BD2D1ED4882200735774 /* Base */,
			);
			name = Main.storyboard;
			sourceTree = "<group>";
		};
		CF90BD311ED4882200735774 /* LaunchScreen.storyboard */ = {
			isa = PBXVariantGroup;
			children = (
				CF90BD321ED4882200735774 /* Base */,
			);
			name = LaunchScreen.storyboard;
			sourceTree = "<group>";
		};
/* End PBXVariantGroup section */

/* Begin XCBuildConfiguration section */
		CF90BD351ED4882200735774 /* Debug */ = {
			isa = XCBuildConfiguration;
			buildSettings = {
				ALWAYS_SEARCH_USER_PATHS = NO;
				CLANG_ANALYZER_NONNULL = YES;
				CLANG_ANALYZER_NUMBER_OBJECT_CONVERSION = YES_AGGRESSIVE;
				CLANG_CXX_LANGUAGE_STANDARD = "gnu++0x";
				CLANG_CXX_LIBRARY = "libc++";
				CLANG_ENABLE_MODULES = YES;
				CLANG_ENABLE_OBJC_ARC = YES;
				CLANG_WARN_BOOL_CONVERSION = YES;
				CLANG_WARN_CONSTANT_CONVERSION = YES;
				CLANG_WARN_DIRECT_OBJC_ISA_USAGE = YES_ERROR;
				CLANG_WARN_DOCUMENTATION_COMMENTS = YES;
				CLANG_WARN_EMPTY_BODY = YES;
				CLANG_WARN_ENUM_CONVERSION = YES;
				CLANG_WARN_INFINITE_RECURSION = YES;
				CLANG_WARN_INT_CONVERSION = YES;
				CLANG_WARN_OBJC_ROOT_CLASS = YES_ERROR;
				CLANG_WARN_SUSPICIOUS_MOVE = YES;
				CLANG_WARN_UNREACHABLE_CODE = YES;
				CLANG_WARN__DUPLICATE_METHOD_MATCH = YES;
				"CODE_SIGN_IDENTITY[sdk=iphoneos*]" = "iPhone Developer";
				COPY_PHASE_STRIP = NO;
				DEBUG_INFORMATION_FORMAT = dwarf;
				ENABLE_STRICT_OBJC_MSGSEND = YES;
				ENABLE_TESTABILITY = YES;
				GCC_C_LANGUAGE_STANDARD = gnu99;
				GCC_DYNAMIC_NO_PIC = NO;
				GCC_NO_COMMON_BLOCKS = YES;
				GCC_OPTIMIZATION_LEVEL = 0;
				GCC_PREPROCESSOR_DEFINITIONS = (
					"DEBUG=1",
					"$(inherited)",
				);
				GCC_WARN_64_TO_32_BIT_CONVERSION = YES;
				GCC_WARN_ABOUT_RETURN_TYPE = YES_ERROR;
				GCC_WARN_UNDECLARED_SELECTOR = YES;
				GCC_WARN_UNINITIALIZED_AUTOS = YES_AGGRESSIVE;
				GCC_WARN_UNUSED_FUNCTION = YES;
				GCC_WARN_UNUSED_VARIABLE = YES;
				IPHONEOS_DEPLOYMENT_TARGET = 10.3;
				MTL_ENABLE_DEBUG_INFO = YES;
				ONLY_ACTIVE_ARCH = YES;
				SDKROOT = iphoneos;
				SWIFT_ACTIVE_COMPILATION_CONDITIONS = DEBUG;
				SWIFT_OPTIMIZATION_LEVEL = "-Onone";
			};
			name = Debug;
		};
		CF90BD361ED4882200735774 /* Release */ = {
			isa = XCBuildConfiguration;
			buildSettings = {
				ALWAYS_SEARCH_USER_PATHS = NO;
				CLANG_ANALYZER_NONNULL = YES;
				CLANG_ANALYZER_NUMBER_OBJECT_CONVERSION = YES_AGGRESSIVE;
				CLANG_CXX_LANGUAGE_STANDARD = "gnu++0x";
				CLANG_CXX_LIBRARY = "libc++";
				CLANG_ENABLE_MODULES = YES;
				CLANG_ENABLE_OBJC_ARC = YES;
				CLANG_WARN_BOOL_CONVERSION = YES;
				CLANG_WARN_CONSTANT_CONVERSION = YES;
				CLANG_WARN_DIRECT_OBJC_ISA_USAGE = YES_ERROR;
				CLANG_WARN_DOCUMENTATION_COMMENTS = YES;
				CLANG_WARN_EMPTY_BODY = YES;
				CLANG_WARN_ENUM_CONVERSION = YES;
				CLANG_WARN_INFINITE_RECURSION = YES;
				CLANG_WARN_INT_CONVERSION = YES;
				CLANG_WARN_OBJC_ROOT_CLASS = YES_ERROR;
				CLANG_WARN_SUSPICIOUS_MOVE = YES;
				CLANG_WARN_UNREACHABLE_CODE = YES;
				CLANG_WARN__DUPLICATE_METHOD_MATCH = YES;
				"CODE_SIGN_IDENTITY[sdk=iphoneos*]" = "iPhone Developer";
				COPY_PHASE_STRIP = NO;
				DEBUG_INFORMATION_FORMAT = "dwarf-with-dsym";
				ENABLE_NS_ASSERTIONS = NO;
				ENABLE_STRICT_OBJC_MSGSEND = YES;
				GCC_C_LANGUAGE_STANDARD = gnu99;
				GCC_NO_COMMON_BLOCKS = YES;
				GCC_WARN_64_TO_32_BIT_CONVERSION = YES;
				GCC_WARN_ABOUT_RETURN_TYPE = YES_ERROR;
				GCC_WARN_UNDECLARED_SELECTOR = YES;
				GCC_WARN_UNINITIALIZED_AUTOS = YES_AGGRESSIVE;
				GCC_WARN_UNUSED_FUNCTION = YES;
				GCC_WARN_UNUSED_VARIABLE = YES;
				IPHONEOS_DEPLOYMENT_TARGET = 10.3;
				MTL_ENABLE_DEBUG_INFO = NO;
				SDKROOT = iphoneos;
				SWIFT_OPTIMIZATION_LEVEL = "-Owholemodule";
				VALIDATE_PRODUCT = YES;
			};
			name = Release;
		};
		CF90BD381ED4882200735774 /* Debug */ = {
			isa = XCBuildConfiguration;
			baseConfigurationReference = 24BD722B92BBF27CEE31B429 /* Pods-MapTest.debug.xcconfig */;
			buildSettings = {
				ASSETCATALOG_COMPILER_APPICON_NAME = AppIcon;
				"CODE_SIGN_IDENTITY[sdk=iphoneos*]" = "iPhone Developer";
				DEVELOPMENT_TEAM = "";
				INFOPLIST_FILE = MapTest/Info.plist;
				IPHONEOS_DEPLOYMENT_TARGET = 10.0;
				LD_RUNPATH_SEARCH_PATHS = "$(inherited) @executable_path/Frameworks";
				PRODUCT_BUNDLE_IDENTIFIER = VB.MapTest;
				PRODUCT_NAME = "$(TARGET_NAME)";
				PROVISIONING_PROFILE_SPECIFIER = "";
				SWIFT_VERSION = 3.0;
			};
			name = Debug;
		};
		CF90BD391ED4882200735774 /* Release */ = {
			isa = XCBuildConfiguration;
			baseConfigurationReference = B3E7079BD518E579A31117E0 /* Pods-MapTest.release.xcconfig */;
			buildSettings = {
				ASSETCATALOG_COMPILER_APPICON_NAME = AppIcon;
				"CODE_SIGN_IDENTITY[sdk=iphoneos*]" = "iPhone Developer";
				DEVELOPMENT_TEAM = "";
				INFOPLIST_FILE = MapTest/Info.plist;
				IPHONEOS_DEPLOYMENT_TARGET = 10.0;
				LD_RUNPATH_SEARCH_PATHS = "$(inherited) @executable_path/Frameworks";
				PRODUCT_BUNDLE_IDENTIFIER = VB.MapTest;
				PRODUCT_NAME = "$(TARGET_NAME)";
				PROVISIONING_PROFILE_SPECIFIER = "";
				SWIFT_VERSION = 3.0;
			};
			name = Release;
		};
/* End XCBuildConfiguration section */

/* Begin XCConfigurationList section */
		CF90BD201ED4882200735774 /* Build configuration list for PBXProject "MapTest" */ = {
			isa = XCConfigurationList;
			buildConfigurations = (
				CF90BD351ED4882200735774 /* Debug */,
				CF90BD361ED4882200735774 /* Release */,
			);
			defaultConfigurationIsVisible = 0;
			defaultConfigurationName = Release;
		};
		CF90BD371ED4882200735774 /* Build configuration list for PBXNativeTarget "MapTest" */ = {
			isa = XCConfigurationList;
			buildConfigurations = (
				CF90BD381ED4882200735774 /* Debug */,
				CF90BD391ED4882200735774 /* Release */,
			);
			defaultConfigurationIsVisible = 0;
			defaultConfigurationName = Release;
		};
/* End XCConfigurationList section */
	};
	rootObject = CF90BD1D1ED4882200735774 /* Project object */;
}
